// !$*UTF8*$!
{
	archiveVersion = 1;
	classes = {
	};
	objectVersion = 55;
	objects = {

/* Begin PBXBuildFile section */
		1467FB1749DA57AEA8FC3066 /* Pods_GeekBrainsShopTests.framework in Frameworks */ = {isa = PBXBuildFile; fileRef = 9A493837A57A3587312CDD58 /* Pods_GeekBrainsShopTests.framework */; };
		196DD11E2846B62A00526EBF /* AbstractReviewRequestFactory.swift in Sources */ = {isa = PBXBuildFile; fileRef = 196DD11D2846B62A00526EBF /* AbstractReviewRequestFactory.swift */; };
		196DD1202846B65900526EBF /* ReviewRequestFactory.swift in Sources */ = {isa = PBXBuildFile; fileRef = 196DD11F2846B65900526EBF /* ReviewRequestFactory.swift */; };
		196DD1222846B8E300526EBF /* ReviewsResult.swift in Sources */ = {isa = PBXBuildFile; fileRef = 196DD1212846B8E300526EBF /* ReviewsResult.swift */; };
		196DD1242846B91700526EBF /* Review.swift in Sources */ = {isa = PBXBuildFile; fileRef = 196DD1232846B91700526EBF /* Review.swift */; };
		196DD1272846BAE700526EBF /* AddReviewResult.swift in Sources */ = {isa = PBXBuildFile; fileRef = 196DD1262846BAE700526EBF /* AddReviewResult.swift */; };
		196DD1292846BB4400526EBF /* RemoveReviewResult.swift in Sources */ = {isa = PBXBuildFile; fileRef = 196DD1282846BB4400526EBF /* RemoveReviewResult.swift */; };
		198CF9A428396B590090931F /* AbstractCatalogRequestFactory.swift in Sources */ = {isa = PBXBuildFile; fileRef = 198CF9A328396B590090931F /* AbstractCatalogRequestFactory.swift */; };
		198CF9A628396B6A0090931F /* CatalogRequestFactory.swift in Sources */ = {isa = PBXBuildFile; fileRef = 198CF9A528396B6A0090931F /* CatalogRequestFactory.swift */; };
		198CF9AA28396D720090931F /* Product.swift in Sources */ = {isa = PBXBuildFile; fileRef = 198CF9A928396D720090931F /* Product.swift */; };
		198CF9AD283971280090931F /* NetworkCatalogTests.swift in Sources */ = {isa = PBXBuildFile; fileRef = 198CF9AC283971280090931F /* NetworkCatalogTests.swift */; };
		19E07FC728194E2F005C0CDC /* AppDelegate.swift in Sources */ = {isa = PBXBuildFile; fileRef = 19E07FC628194E2F005C0CDC /* AppDelegate.swift */; };
		19E07FC928194E2F005C0CDC /* SceneDelegate.swift in Sources */ = {isa = PBXBuildFile; fileRef = 19E07FC828194E2F005C0CDC /* SceneDelegate.swift */; };
		19E07FCB28194E2F005C0CDC /* CartViewController.swift in Sources */ = {isa = PBXBuildFile; fileRef = 19E07FCA28194E2F005C0CDC /* CartViewController.swift */; };
		19E07FD028194E35005C0CDC /* Assets.xcassets in Resources */ = {isa = PBXBuildFile; fileRef = 19E07FCF28194E35005C0CDC /* Assets.xcassets */; };
		19E07FD328194E35005C0CDC /* LaunchScreen.storyboard in Resources */ = {isa = PBXBuildFile; fileRef = 19E07FD128194E35005C0CDC /* LaunchScreen.storyboard */; };
		19E07FDE28194E36005C0CDC /* NetworkAuthTests.swift in Sources */ = {isa = PBXBuildFile; fileRef = 19E07FDD28194E36005C0CDC /* NetworkAuthTests.swift */; };
		19E07FE828194E36005C0CDC /* GeekBrainsShopUITests.swift in Sources */ = {isa = PBXBuildFile; fileRef = 19E07FE728194E36005C0CDC /* GeekBrainsShopUITests.swift */; };
		19E07FEA28194E36005C0CDC /* GeekBrainsShopUITestsLaunchTests.swift in Sources */ = {isa = PBXBuildFile; fileRef = 19E07FE928194E36005C0CDC /* GeekBrainsShopUITestsLaunchTests.swift */; };
		19E0800028197B6B005C0CDC /* AbstractErrorParser.swift in Sources */ = {isa = PBXBuildFile; fileRef = 19E07FFF28197B6B005C0CDC /* AbstractErrorParser.swift */; };
		19E0800228197BB7005C0CDC /* ErrorParser.swift in Sources */ = {isa = PBXBuildFile; fileRef = 19E0800128197BB7005C0CDC /* ErrorParser.swift */; };
		19E0800428197C21005C0CDC /* DataRequest.swift in Sources */ = {isa = PBXBuildFile; fileRef = 19E0800328197C21005C0CDC /* DataRequest.swift */; };
		19E08042281AD6CE005C0CDC /* LoginResult.swift in Sources */ = {isa = PBXBuildFile; fileRef = 19E08041281AD6CE005C0CDC /* LoginResult.swift */; };
		19E08044281AD6DD005C0CDC /* User.swift in Sources */ = {isa = PBXBuildFile; fileRef = 19E08043281AD6DD005C0CDC /* User.swift */; };
		19E08047281ADD16005C0CDC /* AbstractAuthRequestFactory.swift in Sources */ = {isa = PBXBuildFile; fileRef = 19E08046281ADD16005C0CDC /* AbstractAuthRequestFactory.swift */; };
		19E08049281ADEC4005C0CDC /* AuthRequestFactory.swift in Sources */ = {isa = PBXBuildFile; fileRef = 19E08048281ADEC4005C0CDC /* AuthRequestFactory.swift */; };
		19E0804B281ADF42005C0CDC /* CommonRequestFactory.swift in Sources */ = {isa = PBXBuildFile; fileRef = 19E0804A281ADF42005C0CDC /* CommonRequestFactory.swift */; };
		19E0804D281B21C6005C0CDC /* LogoutResult.swift in Sources */ = {isa = PBXBuildFile; fileRef = 19E0804C281B21C6005C0CDC /* LogoutResult.swift */; };
		19E08055281B2CD9005C0CDC /* RequestRouter.swift in Sources */ = {isa = PBXBuildFile; fileRef = 19E08054281B2CD9005C0CDC /* RequestRouter.swift */; };
		19E08057281B2D9B005C0CDC /* AbstractRequestFactory.swift in Sources */ = {isa = PBXBuildFile; fileRef = 19E08056281B2D9B005C0CDC /* AbstractRequestFactory.swift */; };
		19FA5195284F6D1200228811 /* AbstractCartRequestFactory.swift in Sources */ = {isa = PBXBuildFile; fileRef = 19FA5194284F6D1200228811 /* AbstractCartRequestFactory.swift */; };
		19FA5197284F6D3A00228811 /* CartRequestFactory.swift in Sources */ = {isa = PBXBuildFile; fileRef = 19FA5196284F6D3A00228811 /* CartRequestFactory.swift */; };
		19FA5199284F6F5B00228811 /* AddToCartResult.swift in Sources */ = {isa = PBXBuildFile; fileRef = 19FA5198284F6F5B00228811 /* AddToCartResult.swift */; };
		19FA519B284F6F6800228811 /* DeleteFromCartResult.swift in Sources */ = {isa = PBXBuildFile; fileRef = 19FA519A284F6F6800228811 /* DeleteFromCartResult.swift */; };
		19FA519E284F9D4000228811 /* CartPresenter.swift in Sources */ = {isa = PBXBuildFile; fileRef = 19FA519D284F9D4000228811 /* CartPresenter.swift */; };
		19FA51A0285228A500228811 /* BuyResult.swift in Sources */ = {isa = PBXBuildFile; fileRef = 19FA519F285228A500228811 /* BuyResult.swift */; };
		A42FE05DE5D8D5BEB2E042BC /* Pods_GeekBrainsShop.framework in Frameworks */ = {isa = PBXBuildFile; fileRef = 3B5DE3A36FE5B90DCB47B86C /* Pods_GeekBrainsShop.framework */; };
		AAD5710D834D65880AC583A0 /* Pods_GeekBrainsShop_GeekBrainsShopUITests.framework in Frameworks */ = {isa = PBXBuildFile; fileRef = AFFEAAB977B7E0EA2E31CB37 /* Pods_GeekBrainsShop_GeekBrainsShopUITests.framework */; };
/* End PBXBuildFile section */

/* Begin PBXContainerItemProxy section */
		19E07FDA28194E36005C0CDC /* PBXContainerItemProxy */ = {
			isa = PBXContainerItemProxy;
			containerPortal = 19E07FBB28194E2F005C0CDC /* Project object */;
			proxyType = 1;
			remoteGlobalIDString = 19E07FC228194E2F005C0CDC;
			remoteInfo = GeekBrainsShop;
		};
		19E07FE428194E36005C0CDC /* PBXContainerItemProxy */ = {
			isa = PBXContainerItemProxy;
			containerPortal = 19E07FBB28194E2F005C0CDC /* Project object */;
			proxyType = 1;
			remoteGlobalIDString = 19E07FC228194E2F005C0CDC;
			remoteInfo = GeekBrainsShop;
		};
/* End PBXContainerItemProxy section */

/* Begin PBXFileReference section */
		196DD11D2846B62A00526EBF /* AbstractReviewRequestFactory.swift */ = {isa = PBXFileReference; lastKnownFileType = sourcecode.swift; path = AbstractReviewRequestFactory.swift; sourceTree = "<group>"; };
		196DD11F2846B65900526EBF /* ReviewRequestFactory.swift */ = {isa = PBXFileReference; lastKnownFileType = sourcecode.swift; path = ReviewRequestFactory.swift; sourceTree = "<group>"; };
		196DD1212846B8E300526EBF /* ReviewsResult.swift */ = {isa = PBXFileReference; lastKnownFileType = sourcecode.swift; path = ReviewsResult.swift; sourceTree = "<group>"; };
		196DD1232846B91700526EBF /* Review.swift */ = {isa = PBXFileReference; lastKnownFileType = sourcecode.swift; path = Review.swift; sourceTree = "<group>"; };
		196DD1262846BAE700526EBF /* AddReviewResult.swift */ = {isa = PBXFileReference; lastKnownFileType = sourcecode.swift; path = AddReviewResult.swift; sourceTree = "<group>"; };
		196DD1282846BB4400526EBF /* RemoveReviewResult.swift */ = {isa = PBXFileReference; lastKnownFileType = sourcecode.swift; path = RemoveReviewResult.swift; sourceTree = "<group>"; };
		198CF9A328396B590090931F /* AbstractCatalogRequestFactory.swift */ = {isa = PBXFileReference; lastKnownFileType = sourcecode.swift; path = AbstractCatalogRequestFactory.swift; sourceTree = "<group>"; };
		198CF9A528396B6A0090931F /* CatalogRequestFactory.swift */ = {isa = PBXFileReference; lastKnownFileType = sourcecode.swift; path = CatalogRequestFactory.swift; sourceTree = "<group>"; };
		198CF9A928396D720090931F /* Product.swift */ = {isa = PBXFileReference; lastKnownFileType = sourcecode.swift; path = Product.swift; sourceTree = "<group>"; };
		198CF9AC283971280090931F /* NetworkCatalogTests.swift */ = {isa = PBXFileReference; lastKnownFileType = sourcecode.swift; path = NetworkCatalogTests.swift; sourceTree = "<group>"; };
		19E07FC328194E2F005C0CDC /* GeekBrainsShop.app */ = {isa = PBXFileReference; explicitFileType = wrapper.application; includeInIndex = 0; path = GeekBrainsShop.app; sourceTree = BUILT_PRODUCTS_DIR; };
		19E07FC628194E2F005C0CDC /* AppDelegate.swift */ = {isa = PBXFileReference; lastKnownFileType = sourcecode.swift; path = AppDelegate.swift; sourceTree = "<group>"; };
		19E07FC828194E2F005C0CDC /* SceneDelegate.swift */ = {isa = PBXFileReference; lastKnownFileType = sourcecode.swift; path = SceneDelegate.swift; sourceTree = "<group>"; };
		19E07FCA28194E2F005C0CDC /* CartViewController.swift */ = {isa = PBXFileReference; lastKnownFileType = sourcecode.swift; path = CartViewController.swift; sourceTree = "<group>"; };
		19E07FCF28194E35005C0CDC /* Assets.xcassets */ = {isa = PBXFileReference; lastKnownFileType = folder.assetcatalog; path = Assets.xcassets; sourceTree = "<group>"; };
		19E07FD228194E35005C0CDC /* Base */ = {isa = PBXFileReference; lastKnownFileType = file.storyboard; name = Base; path = Base.lproj/LaunchScreen.storyboard; sourceTree = "<group>"; };
		19E07FD428194E35005C0CDC /* Info.plist */ = {isa = PBXFileReference; lastKnownFileType = text.plist.xml; path = Info.plist; sourceTree = "<group>"; };
		19E07FD928194E36005C0CDC /* GeekBrainsShopTests.xctest */ = {isa = PBXFileReference; explicitFileType = wrapper.cfbundle; includeInIndex = 0; path = GeekBrainsShopTests.xctest; sourceTree = BUILT_PRODUCTS_DIR; };
		19E07FDD28194E36005C0CDC /* NetworkAuthTests.swift */ = {isa = PBXFileReference; lastKnownFileType = sourcecode.swift; path = NetworkAuthTests.swift; sourceTree = "<group>"; };
		19E07FE328194E36005C0CDC /* GeekBrainsShopUITests.xctest */ = {isa = PBXFileReference; explicitFileType = wrapper.cfbundle; includeInIndex = 0; path = GeekBrainsShopUITests.xctest; sourceTree = BUILT_PRODUCTS_DIR; };
		19E07FE728194E36005C0CDC /* GeekBrainsShopUITests.swift */ = {isa = PBXFileReference; lastKnownFileType = sourcecode.swift; path = GeekBrainsShopUITests.swift; sourceTree = "<group>"; };
		19E07FE928194E36005C0CDC /* GeekBrainsShopUITestsLaunchTests.swift */ = {isa = PBXFileReference; lastKnownFileType = sourcecode.swift; path = GeekBrainsShopUITestsLaunchTests.swift; sourceTree = "<group>"; };
		19E07FFF28197B6B005C0CDC /* AbstractErrorParser.swift */ = {isa = PBXFileReference; lastKnownFileType = sourcecode.swift; path = AbstractErrorParser.swift; sourceTree = "<group>"; };
		19E0800128197BB7005C0CDC /* ErrorParser.swift */ = {isa = PBXFileReference; lastKnownFileType = sourcecode.swift; path = ErrorParser.swift; sourceTree = "<group>"; };
		19E0800328197C21005C0CDC /* DataRequest.swift */ = {isa = PBXFileReference; lastKnownFileType = sourcecode.swift; path = DataRequest.swift; sourceTree = "<group>"; };
		19E08041281AD6CE005C0CDC /* LoginResult.swift */ = {isa = PBXFileReference; lastKnownFileType = sourcecode.swift; path = LoginResult.swift; sourceTree = "<group>"; };
		19E08043281AD6DD005C0CDC /* User.swift */ = {isa = PBXFileReference; lastKnownFileType = sourcecode.swift; path = User.swift; sourceTree = "<group>"; };
		19E08046281ADD16005C0CDC /* AbstractAuthRequestFactory.swift */ = {isa = PBXFileReference; lastKnownFileType = sourcecode.swift; path = AbstractAuthRequestFactory.swift; sourceTree = "<group>"; };
		19E08048281ADEC4005C0CDC /* AuthRequestFactory.swift */ = {isa = PBXFileReference; lastKnownFileType = sourcecode.swift; path = AuthRequestFactory.swift; sourceTree = "<group>"; };
		19E0804A281ADF42005C0CDC /* CommonRequestFactory.swift */ = {isa = PBXFileReference; lastKnownFileType = sourcecode.swift; path = CommonRequestFactory.swift; sourceTree = "<group>"; };
		19E0804C281B21C6005C0CDC /* LogoutResult.swift */ = {isa = PBXFileReference; lastKnownFileType = sourcecode.swift; path = LogoutResult.swift; sourceTree = "<group>"; };
		19E08054281B2CD9005C0CDC /* RequestRouter.swift */ = {isa = PBXFileReference; lastKnownFileType = sourcecode.swift; path = RequestRouter.swift; sourceTree = "<group>"; };
		19E08056281B2D9B005C0CDC /* AbstractRequestFactory.swift */ = {isa = PBXFileReference; lastKnownFileType = sourcecode.swift; path = AbstractRequestFactory.swift; sourceTree = "<group>"; };
		19FA5194284F6D1200228811 /* AbstractCartRequestFactory.swift */ = {isa = PBXFileReference; lastKnownFileType = sourcecode.swift; path = AbstractCartRequestFactory.swift; sourceTree = "<group>"; };
		19FA5196284F6D3A00228811 /* CartRequestFactory.swift */ = {isa = PBXFileReference; lastKnownFileType = sourcecode.swift; path = CartRequestFactory.swift; sourceTree = "<group>"; };
		19FA5198284F6F5B00228811 /* AddToCartResult.swift */ = {isa = PBXFileReference; lastKnownFileType = sourcecode.swift; path = AddToCartResult.swift; sourceTree = "<group>"; };
		19FA519A284F6F6800228811 /* DeleteFromCartResult.swift */ = {isa = PBXFileReference; lastKnownFileType = sourcecode.swift; path = DeleteFromCartResult.swift; sourceTree = "<group>"; };
		19FA519D284F9D4000228811 /* CartPresenter.swift */ = {isa = PBXFileReference; lastKnownFileType = sourcecode.swift; path = CartPresenter.swift; sourceTree = "<group>"; };
		19FA519F285228A500228811 /* BuyResult.swift */ = {isa = PBXFileReference; lastKnownFileType = sourcecode.swift; path = BuyResult.swift; sourceTree = "<group>"; };
		3B5DE3A36FE5B90DCB47B86C /* Pods_GeekBrainsShop.framework */ = {isa = PBXFileReference; explicitFileType = wrapper.framework; includeInIndex = 0; path = Pods_GeekBrainsShop.framework; sourceTree = BUILT_PRODUCTS_DIR; };
		43B78B994790A9EDD573E54E /* Pods-GeekBrainsShop.debug.xcconfig */ = {isa = PBXFileReference; includeInIndex = 1; lastKnownFileType = text.xcconfig; name = "Pods-GeekBrainsShop.debug.xcconfig"; path = "Target Support Files/Pods-GeekBrainsShop/Pods-GeekBrainsShop.debug.xcconfig"; sourceTree = "<group>"; };
		4D2F25EAF5F66AB23371FF72 /* Pods-GeekBrainsShopTests.debug.xcconfig */ = {isa = PBXFileReference; includeInIndex = 1; lastKnownFileType = text.xcconfig; name = "Pods-GeekBrainsShopTests.debug.xcconfig"; path = "Target Support Files/Pods-GeekBrainsShopTests/Pods-GeekBrainsShopTests.debug.xcconfig"; sourceTree = "<group>"; };
		52381624A848D2A89CFD5BA4 /* Pods-GeekBrainsShop-GeekBrainsShopUITests.debug.xcconfig */ = {isa = PBXFileReference; includeInIndex = 1; lastKnownFileType = text.xcconfig; name = "Pods-GeekBrainsShop-GeekBrainsShopUITests.debug.xcconfig"; path = "Target Support Files/Pods-GeekBrainsShop-GeekBrainsShopUITests/Pods-GeekBrainsShop-GeekBrainsShopUITests.debug.xcconfig"; sourceTree = "<group>"; };
		7982F7B8A7895E6CA9B52E4C /* Pods-GeekBrainsShop-GeekBrainsShopUITests.release.xcconfig */ = {isa = PBXFileReference; includeInIndex = 1; lastKnownFileType = text.xcconfig; name = "Pods-GeekBrainsShop-GeekBrainsShopUITests.release.xcconfig"; path = "Target Support Files/Pods-GeekBrainsShop-GeekBrainsShopUITests/Pods-GeekBrainsShop-GeekBrainsShopUITests.release.xcconfig"; sourceTree = "<group>"; };
		7C19F0C5D551A0F08A55E906 /* Pods-GeekBrainsShop.release.xcconfig */ = {isa = PBXFileReference; includeInIndex = 1; lastKnownFileType = text.xcconfig; name = "Pods-GeekBrainsShop.release.xcconfig"; path = "Target Support Files/Pods-GeekBrainsShop/Pods-GeekBrainsShop.release.xcconfig"; sourceTree = "<group>"; };
		9A493837A57A3587312CDD58 /* Pods_GeekBrainsShopTests.framework */ = {isa = PBXFileReference; explicitFileType = wrapper.framework; includeInIndex = 0; path = Pods_GeekBrainsShopTests.framework; sourceTree = BUILT_PRODUCTS_DIR; };
		AFFEAAB977B7E0EA2E31CB37 /* Pods_GeekBrainsShop_GeekBrainsShopUITests.framework */ = {isa = PBXFileReference; explicitFileType = wrapper.framework; includeInIndex = 0; path = Pods_GeekBrainsShop_GeekBrainsShopUITests.framework; sourceTree = BUILT_PRODUCTS_DIR; };
		BBD453110566F942B99FB3ED /* Pods-GeekBrainsShopTests.release.xcconfig */ = {isa = PBXFileReference; includeInIndex = 1; lastKnownFileType = text.xcconfig; name = "Pods-GeekBrainsShopTests.release.xcconfig"; path = "Target Support Files/Pods-GeekBrainsShopTests/Pods-GeekBrainsShopTests.release.xcconfig"; sourceTree = "<group>"; };
/* End PBXFileReference section */

/* Begin PBXFrameworksBuildPhase section */
		19E07FC028194E2F005C0CDC /* Frameworks */ = {
			isa = PBXFrameworksBuildPhase;
			buildActionMask = 2147483647;
			files = (
				A42FE05DE5D8D5BEB2E042BC /* Pods_GeekBrainsShop.framework in Frameworks */,
			);
			runOnlyForDeploymentPostprocessing = 0;
		};
		19E07FD628194E36005C0CDC /* Frameworks */ = {
			isa = PBXFrameworksBuildPhase;
			buildActionMask = 2147483647;
			files = (
				1467FB1749DA57AEA8FC3066 /* Pods_GeekBrainsShopTests.framework in Frameworks */,
			);
			runOnlyForDeploymentPostprocessing = 0;
		};
		19E07FE028194E36005C0CDC /* Frameworks */ = {
			isa = PBXFrameworksBuildPhase;
			buildActionMask = 2147483647;
			files = (
				AAD5710D834D65880AC583A0 /* Pods_GeekBrainsShop_GeekBrainsShopUITests.framework in Frameworks */,
			);
			runOnlyForDeploymentPostprocessing = 0;
		};
/* End PBXFrameworksBuildPhase section */

/* Begin PBXGroup section */
		196DD11C2846B5D900526EBF /* Review */ = {
			isa = PBXGroup;
			children = (
				196DD11D2846B62A00526EBF /* AbstractReviewRequestFactory.swift */,
				196DD11F2846B65900526EBF /* ReviewRequestFactory.swift */,
			);
			path = Review;
			sourceTree = "<group>";
		};
		198CF9A0283965A50090931F /* Network */ = {
			isa = PBXGroup;
			children = (
				198CF9A1283965B10090931F /* Auth */,
				198CF9AB283970F30090931F /* Catalog */,
			);
			path = Network;
			sourceTree = "<group>";
		};
		198CF9A1283965B10090931F /* Auth */ = {
			isa = PBXGroup;
			children = (
				19E07FDD28194E36005C0CDC /* NetworkAuthTests.swift */,
			);
			path = Auth;
			sourceTree = "<group>";
		};
		198CF9A228396AFE0090931F /* Catalog */ = {
			isa = PBXGroup;
			children = (
				198CF9A328396B590090931F /* AbstractCatalogRequestFactory.swift */,
				198CF9A528396B6A0090931F /* CatalogRequestFactory.swift */,
			);
			path = Catalog;
			sourceTree = "<group>";
		};
		198CF9AB283970F30090931F /* Catalog */ = {
			isa = PBXGroup;
			children = (
				198CF9AC283971280090931F /* NetworkCatalogTests.swift */,
			);
			path = Catalog;
			sourceTree = "<group>";
		};
		19E07FBA28194E2F005C0CDC = {
			isa = PBXGroup;
			children = (
				19E07FC528194E2F005C0CDC /* GeekBrainsShop */,
				19E07FDC28194E36005C0CDC /* GeekBrainsShopTests */,
				19E07FE628194E36005C0CDC /* GeekBrainsShopUITests */,
				19E07FC428194E2F005C0CDC /* Products */,
				B62C792B181326FB67239E77 /* Pods */,
				E01B1AD1B673A4D8D78A7E83 /* Frameworks */,
			);
			sourceTree = "<group>";
		};
		19E07FC428194E2F005C0CDC /* Products */ = {
			isa = PBXGroup;
			children = (
				19E07FC328194E2F005C0CDC /* GeekBrainsShop.app */,
				19E07FD928194E36005C0CDC /* GeekBrainsShopTests.xctest */,
				19E07FE328194E36005C0CDC /* GeekBrainsShopUITests.xctest */,
			);
			name = Products;
			sourceTree = "<group>";
		};
		19E07FC528194E2F005C0CDC /* GeekBrainsShop */ = {
			isa = PBXGroup;
			children = (
				19E07FF628196AE8005C0CDC /* App */,
				19E07FFB28196B2C005C0CDC /* Core */,
				19E07FFC28196B42005C0CDC /* Resources */,
				19E07FFD28196B51005C0CDC /* Environments */,
			);
			path = GeekBrainsShop;
			sourceTree = "<group>";
		};
		19E07FDC28194E36005C0CDC /* GeekBrainsShopTests */ = {
			isa = PBXGroup;
			children = (
				198CF9A0283965A50090931F /* Network */,
			);
			path = GeekBrainsShopTests;
			sourceTree = "<group>";
		};
		19E07FE628194E36005C0CDC /* GeekBrainsShopUITests */ = {
			isa = PBXGroup;
			children = (
				19E07FE728194E36005C0CDC /* GeekBrainsShopUITests.swift */,
				19E07FE928194E36005C0CDC /* GeekBrainsShopUITestsLaunchTests.swift */,
			);
			path = GeekBrainsShopUITests;
			sourceTree = "<group>";
		};
		19E07FF628196AE8005C0CDC /* App */ = {
			isa = PBXGroup;
			children = (
				19E07FC628194E2F005C0CDC /* AppDelegate.swift */,
				19E07FC828194E2F005C0CDC /* SceneDelegate.swift */,
				19E07FF728196AEE005C0CDC /* BusinessLogic */,
				19E07FFA28196B1C005C0CDC /* Entity */,
				19E07FF928196B0E005C0CDC /* Assembly */,
				19E07FF828196AFB005C0CDC /* Flows */,
			);
			path = App;
			sourceTree = "<group>";
		};
		19E07FF728196AEE005C0CDC /* BusinessLogic */ = {
			isa = PBXGroup;
			children = (
				19E08045281ADD00005C0CDC /* Network */,
			);
			path = BusinessLogic;
			sourceTree = "<group>";
		};
		19E07FF828196AFB005C0CDC /* Flows */ = {
			isa = PBXGroup;
			children = (
				19FA519C284F9BBB00228811 /* Cart */,
			);
			path = Flows;
			sourceTree = "<group>";
		};
		19E07FF928196B0E005C0CDC /* Assembly */ = {
			isa = PBXGroup;
			children = (
			);
			path = Assembly;
			sourceTree = "<group>";
		};
		19E07FFA28196B1C005C0CDC /* Entity */ = {
			isa = PBXGroup;
			children = (
				19E08043281AD6DD005C0CDC /* User.swift */,
				19E08041281AD6CE005C0CDC /* LoginResult.swift */,
				19E0804C281B21C6005C0CDC /* LogoutResult.swift */,
				198CF9A928396D720090931F /* Product.swift */,
				196DD1212846B8E300526EBF /* ReviewsResult.swift */,
				196DD1232846B91700526EBF /* Review.swift */,
				196DD1262846BAE700526EBF /* AddReviewResult.swift */,
				196DD1282846BB4400526EBF /* RemoveReviewResult.swift */,
				19FA5198284F6F5B00228811 /* AddToCartResult.swift */,
				19FA519A284F6F6800228811 /* DeleteFromCartResult.swift */,
				19FA519F285228A500228811 /* BuyResult.swift */,
			);
			path = Entity;
			sourceTree = "<group>";
		};
		19E07FFB28196B2C005C0CDC /* Core */ = {
			isa = PBXGroup;
			children = (
				19E07FFE28197B46005C0CDC /* Network */,
			);
			path = Core;
			sourceTree = "<group>";
		};
		19E07FFC28196B42005C0CDC /* Resources */ = {
			isa = PBXGroup;
			children = (
				19E07FCF28194E35005C0CDC /* Assets.xcassets */,
				19E07FD128194E35005C0CDC /* LaunchScreen.storyboard */,
			);
			path = Resources;
			sourceTree = "<group>";
		};
		19E07FFD28196B51005C0CDC /* Environments */ = {
			isa = PBXGroup;
			children = (
				19E07FD428194E35005C0CDC /* Info.plist */,
			);
			path = Environments;
			sourceTree = "<group>";
		};
		19E07FFE28197B46005C0CDC /* Network */ = {
			isa = PBXGroup;
			children = (
				19E07FFF28197B6B005C0CDC /* AbstractErrorParser.swift */,
				19E0800128197BB7005C0CDC /* ErrorParser.swift */,
				19E0800328197C21005C0CDC /* DataRequest.swift */,
				19E08056281B2D9B005C0CDC /* AbstractRequestFactory.swift */,
				19E08054281B2CD9005C0CDC /* RequestRouter.swift */,
			);
			path = Network;
			sourceTree = "<group>";
		};
		19E08045281ADD00005C0CDC /* Network */ = {
			isa = PBXGroup;
			children = (
				19E0804A281ADF42005C0CDC /* CommonRequestFactory.swift */,
				19E0804E281B284E005C0CDC /* Auth */,
				198CF9A228396AFE0090931F /* Catalog */,
				196DD11C2846B5D900526EBF /* Review */,
				19FA5193284F6CC500228811 /* Cart */,
			);
			path = Network;
			sourceTree = "<group>";
		};
		19E0804E281B284E005C0CDC /* Auth */ = {
			isa = PBXGroup;
			children = (
				19E08046281ADD16005C0CDC /* AbstractAuthRequestFactory.swift */,
				19E08048281ADEC4005C0CDC /* AuthRequestFactory.swift */,
			);
			path = Auth;
			sourceTree = "<group>";
		};
		19FA5193284F6CC500228811 /* Cart */ = {
			isa = PBXGroup;
			children = (
				19FA5194284F6D1200228811 /* AbstractCartRequestFactory.swift */,
				19FA5196284F6D3A00228811 /* CartRequestFactory.swift */,
			);
			path = Cart;
			sourceTree = "<group>";
		};
		19FA519C284F9BBB00228811 /* Cart */ = {
			isa = PBXGroup;
			children = (
				19E07FCA28194E2F005C0CDC /* CartViewController.swift */,
				19FA519D284F9D4000228811 /* CartPresenter.swift */,
			);
			path = Cart;
			sourceTree = "<group>";
		};
		B62C792B181326FB67239E77 /* Pods */ = {
			isa = PBXGroup;
			children = (
				43B78B994790A9EDD573E54E /* Pods-GeekBrainsShop.debug.xcconfig */,
				7C19F0C5D551A0F08A55E906 /* Pods-GeekBrainsShop.release.xcconfig */,
				52381624A848D2A89CFD5BA4 /* Pods-GeekBrainsShop-GeekBrainsShopUITests.debug.xcconfig */,
				7982F7B8A7895E6CA9B52E4C /* Pods-GeekBrainsShop-GeekBrainsShopUITests.release.xcconfig */,
				4D2F25EAF5F66AB23371FF72 /* Pods-GeekBrainsShopTests.debug.xcconfig */,
				BBD453110566F942B99FB3ED /* Pods-GeekBrainsShopTests.release.xcconfig */,
			);
			path = Pods;
			sourceTree = "<group>";
		};
		E01B1AD1B673A4D8D78A7E83 /* Frameworks */ = {
			isa = PBXGroup;
			children = (
				3B5DE3A36FE5B90DCB47B86C /* Pods_GeekBrainsShop.framework */,
				AFFEAAB977B7E0EA2E31CB37 /* Pods_GeekBrainsShop_GeekBrainsShopUITests.framework */,
				9A493837A57A3587312CDD58 /* Pods_GeekBrainsShopTests.framework */,
			);
			name = Frameworks;
			sourceTree = "<group>";
		};
/* End PBXGroup section */

/* Begin PBXNativeTarget section */
		19E07FC228194E2F005C0CDC /* GeekBrainsShop */ = {
			isa = PBXNativeTarget;
			buildConfigurationList = 19E07FED28194E36005C0CDC /* Build configuration list for PBXNativeTarget "GeekBrainsShop" */;
			buildPhases = (
				617A073718D5BB84D8CFCFB3 /* [CP] Check Pods Manifest.lock */,
				19E07FBF28194E2F005C0CDC /* Sources */,
				19E07FC028194E2F005C0CDC /* Frameworks */,
				19E07FC128194E2F005C0CDC /* Resources */,
				60C262FF378892F61391EE6A /* [CP] Embed Pods Frameworks */,
			);
			buildRules = (
			);
			dependencies = (
			);
			name = GeekBrainsShop;
			productName = GeekBrainsShop;
			productReference = 19E07FC328194E2F005C0CDC /* GeekBrainsShop.app */;
			productType = "com.apple.product-type.application";
		};
		19E07FD828194E36005C0CDC /* GeekBrainsShopTests */ = {
			isa = PBXNativeTarget;
			buildConfigurationList = 19E07FF028194E36005C0CDC /* Build configuration list for PBXNativeTarget "GeekBrainsShopTests" */;
			buildPhases = (
				6A38B4C3282416F22C20CFA6 /* [CP] Check Pods Manifest.lock */,
				19E07FD528194E36005C0CDC /* Sources */,
				19E07FD628194E36005C0CDC /* Frameworks */,
				19E07FD728194E36005C0CDC /* Resources */,
			);
			buildRules = (
			);
			dependencies = (
				19E07FDB28194E36005C0CDC /* PBXTargetDependency */,
			);
			name = GeekBrainsShopTests;
			productName = GeekBrainsShopTests;
			productReference = 19E07FD928194E36005C0CDC /* GeekBrainsShopTests.xctest */;
			productType = "com.apple.product-type.bundle.unit-test";
		};
		19E07FE228194E36005C0CDC /* GeekBrainsShopUITests */ = {
			isa = PBXNativeTarget;
			buildConfigurationList = 19E07FF328194E36005C0CDC /* Build configuration list for PBXNativeTarget "GeekBrainsShopUITests" */;
			buildPhases = (
				F146062E522392ADAF20FD41 /* [CP] Check Pods Manifest.lock */,
				19E07FDF28194E36005C0CDC /* Sources */,
				19E07FE028194E36005C0CDC /* Frameworks */,
				19E07FE128194E36005C0CDC /* Resources */,
				46256318F82D3BECB3DE976E /* [CP] Embed Pods Frameworks */,
			);
			buildRules = (
			);
			dependencies = (
				19E07FE528194E36005C0CDC /* PBXTargetDependency */,
			);
			name = GeekBrainsShopUITests;
			productName = GeekBrainsShopUITests;
			productReference = 19E07FE328194E36005C0CDC /* GeekBrainsShopUITests.xctest */;
			productType = "com.apple.product-type.bundle.ui-testing";
		};
/* End PBXNativeTarget section */

/* Begin PBXProject section */
		19E07FBB28194E2F005C0CDC /* Project object */ = {
			isa = PBXProject;
			attributes = {
				BuildIndependentTargetsInParallel = 1;
				LastSwiftUpdateCheck = 1330;
				LastUpgradeCheck = 1330;
				TargetAttributes = {
					19E07FC228194E2F005C0CDC = {
						CreatedOnToolsVersion = 13.3;
					};
					19E07FD828194E36005C0CDC = {
						CreatedOnToolsVersion = 13.3;
						TestTargetID = 19E07FC228194E2F005C0CDC;
					};
					19E07FE228194E36005C0CDC = {
						CreatedOnToolsVersion = 13.3;
						TestTargetID = 19E07FC228194E2F005C0CDC;
					};
				};
			};
			buildConfigurationList = 19E07FBE28194E2F005C0CDC /* Build configuration list for PBXProject "GeekBrainsShop" */;
			compatibilityVersion = "Xcode 13.0";
			developmentRegion = en;
			hasScannedForEncodings = 0;
			knownRegions = (
				en,
				Base,
			);
			mainGroup = 19E07FBA28194E2F005C0CDC;
			productRefGroup = 19E07FC428194E2F005C0CDC /* Products */;
			projectDirPath = "";
			projectRoot = "";
			targets = (
				19E07FC228194E2F005C0CDC /* GeekBrainsShop */,
				19E07FD828194E36005C0CDC /* GeekBrainsShopTests */,
				19E07FE228194E36005C0CDC /* GeekBrainsShopUITests */,
			);
		};
/* End PBXProject section */

/* Begin PBXResourcesBuildPhase section */
		19E07FC128194E2F005C0CDC /* Resources */ = {
			isa = PBXResourcesBuildPhase;
			buildActionMask = 2147483647;
			files = (
				19E07FD328194E35005C0CDC /* LaunchScreen.storyboard in Resources */,
				19E07FD028194E35005C0CDC /* Assets.xcassets in Resources */,
			);
			runOnlyForDeploymentPostprocessing = 0;
		};
		19E07FD728194E36005C0CDC /* Resources */ = {
			isa = PBXResourcesBuildPhase;
			buildActionMask = 2147483647;
			files = (
			);
			runOnlyForDeploymentPostprocessing = 0;
		};
		19E07FE128194E36005C0CDC /* Resources */ = {
			isa = PBXResourcesBuildPhase;
			buildActionMask = 2147483647;
			files = (
			);
			runOnlyForDeploymentPostprocessing = 0;
		};
/* End PBXResourcesBuildPhase section */

/* Begin PBXShellScriptBuildPhase section */
		46256318F82D3BECB3DE976E /* [CP] Embed Pods Frameworks */ = {
			isa = PBXShellScriptBuildPhase;
			buildActionMask = 2147483647;
			files = (
			);
			inputFileListPaths = (
				"${PODS_ROOT}/Target Support Files/Pods-GeekBrainsShop-GeekBrainsShopUITests/Pods-GeekBrainsShop-GeekBrainsShopUITests-frameworks-${CONFIGURATION}-input-files.xcfilelist",
			);
			name = "[CP] Embed Pods Frameworks";
			outputFileListPaths = (
				"${PODS_ROOT}/Target Support Files/Pods-GeekBrainsShop-GeekBrainsShopUITests/Pods-GeekBrainsShop-GeekBrainsShopUITests-frameworks-${CONFIGURATION}-output-files.xcfilelist",
			);
			runOnlyForDeploymentPostprocessing = 0;
			shellPath = /bin/sh;
			shellScript = "\"${PODS_ROOT}/Target Support Files/Pods-GeekBrainsShop-GeekBrainsShopUITests/Pods-GeekBrainsShop-GeekBrainsShopUITests-frameworks.sh\"\n";
			showEnvVarsInLog = 0;
		};
		60C262FF378892F61391EE6A /* [CP] Embed Pods Frameworks */ = {
			isa = PBXShellScriptBuildPhase;
			buildActionMask = 2147483647;
			files = (
			);
			inputFileListPaths = (
				"${PODS_ROOT}/Target Support Files/Pods-GeekBrainsShop/Pods-GeekBrainsShop-frameworks-${CONFIGURATION}-input-files.xcfilelist",
			);
			name = "[CP] Embed Pods Frameworks";
			outputFileListPaths = (
				"${PODS_ROOT}/Target Support Files/Pods-GeekBrainsShop/Pods-GeekBrainsShop-frameworks-${CONFIGURATION}-output-files.xcfilelist",
			);
			runOnlyForDeploymentPostprocessing = 0;
			shellPath = /bin/sh;
			shellScript = "\"${PODS_ROOT}/Target Support Files/Pods-GeekBrainsShop/Pods-GeekBrainsShop-frameworks.sh\"\n";
			showEnvVarsInLog = 0;
		};
		617A073718D5BB84D8CFCFB3 /* [CP] Check Pods Manifest.lock */ = {
			isa = PBXShellScriptBuildPhase;
			buildActionMask = 2147483647;
			files = (
			);
			inputFileListPaths = (
			);
			inputPaths = (
				"${PODS_PODFILE_DIR_PATH}/Podfile.lock",
				"${PODS_ROOT}/Manifest.lock",
			);
			name = "[CP] Check Pods Manifest.lock";
			outputFileListPaths = (
			);
			outputPaths = (
				"$(DERIVED_FILE_DIR)/Pods-GeekBrainsShop-checkManifestLockResult.txt",
			);
			runOnlyForDeploymentPostprocessing = 0;
			shellPath = /bin/sh;
			shellScript = "diff \"${PODS_PODFILE_DIR_PATH}/Podfile.lock\" \"${PODS_ROOT}/Manifest.lock\" > /dev/null\nif [ $? != 0 ] ; then\n    # print error to STDERR\n    echo \"error: The sandbox is not in sync with the Podfile.lock. Run 'pod install' or update your CocoaPods installation.\" >&2\n    exit 1\nfi\n# This output is used by Xcode 'outputs' to avoid re-running this script phase.\necho \"SUCCESS\" > \"${SCRIPT_OUTPUT_FILE_0}\"\n";
			showEnvVarsInLog = 0;
		};
		6A38B4C3282416F22C20CFA6 /* [CP] Check Pods Manifest.lock */ = {
			isa = PBXShellScriptBuildPhase;
			buildActionMask = 2147483647;
			files = (
			);
			inputFileListPaths = (
			);
			inputPaths = (
				"${PODS_PODFILE_DIR_PATH}/Podfile.lock",
				"${PODS_ROOT}/Manifest.lock",
			);
			name = "[CP] Check Pods Manifest.lock";
			outputFileListPaths = (
			);
			outputPaths = (
				"$(DERIVED_FILE_DIR)/Pods-GeekBrainsShopTests-checkManifestLockResult.txt",
			);
			runOnlyForDeploymentPostprocessing = 0;
			shellPath = /bin/sh;
			shellScript = "diff \"${PODS_PODFILE_DIR_PATH}/Podfile.lock\" \"${PODS_ROOT}/Manifest.lock\" > /dev/null\nif [ $? != 0 ] ; then\n    # print error to STDERR\n    echo \"error: The sandbox is not in sync with the Podfile.lock. Run 'pod install' or update your CocoaPods installation.\" >&2\n    exit 1\nfi\n# This output is used by Xcode 'outputs' to avoid re-running this script phase.\necho \"SUCCESS\" > \"${SCRIPT_OUTPUT_FILE_0}\"\n";
			showEnvVarsInLog = 0;
		};
		F146062E522392ADAF20FD41 /* [CP] Check Pods Manifest.lock */ = {
			isa = PBXShellScriptBuildPhase;
			buildActionMask = 2147483647;
			files = (
			);
			inputFileListPaths = (
			);
			inputPaths = (
				"${PODS_PODFILE_DIR_PATH}/Podfile.lock",
				"${PODS_ROOT}/Manifest.lock",
			);
			name = "[CP] Check Pods Manifest.lock";
			outputFileListPaths = (
			);
			outputPaths = (
				"$(DERIVED_FILE_DIR)/Pods-GeekBrainsShop-GeekBrainsShopUITests-checkManifestLockResult.txt",
			);
			runOnlyForDeploymentPostprocessing = 0;
			shellPath = /bin/sh;
			shellScript = "diff \"${PODS_PODFILE_DIR_PATH}/Podfile.lock\" \"${PODS_ROOT}/Manifest.lock\" > /dev/null\nif [ $? != 0 ] ; then\n    # print error to STDERR\n    echo \"error: The sandbox is not in sync with the Podfile.lock. Run 'pod install' or update your CocoaPods installation.\" >&2\n    exit 1\nfi\n# This output is used by Xcode 'outputs' to avoid re-running this script phase.\necho \"SUCCESS\" > \"${SCRIPT_OUTPUT_FILE_0}\"\n";
			showEnvVarsInLog = 0;
		};
/* End PBXShellScriptBuildPhase section */

/* Begin PBXSourcesBuildPhase section */
		19E07FBF28194E2F005C0CDC /* Sources */ = {
			isa = PBXSourcesBuildPhase;
			buildActionMask = 2147483647;
			files = (
				19FA519E284F9D4000228811 /* CartPresenter.swift in Sources */,
				196DD1292846BB4400526EBF /* RemoveReviewResult.swift in Sources */,
				19FA519B284F6F6800228811 /* DeleteFromCartResult.swift in Sources */,
				196DD1272846BAE700526EBF /* AddReviewResult.swift in Sources */,
				19E08057281B2D9B005C0CDC /* AbstractRequestFactory.swift in Sources */,
				19E0804B281ADF42005C0CDC /* CommonRequestFactory.swift in Sources */,
				196DD1242846B91700526EBF /* Review.swift in Sources */,
				19FA51A0285228A500228811 /* BuyResult.swift in Sources */,
				19FA5199284F6F5B00228811 /* AddToCartResult.swift in Sources */,
				19FA5195284F6D1200228811 /* AbstractCartRequestFactory.swift in Sources */,
				198CF9A628396B6A0090931F /* CatalogRequestFactory.swift in Sources */,
				19E0800228197BB7005C0CDC /* ErrorParser.swift in Sources */,
				196DD11E2846B62A00526EBF /* AbstractReviewRequestFactory.swift in Sources */,
				19E08042281AD6CE005C0CDC /* LoginResult.swift in Sources */,
				198CF9A428396B590090931F /* AbstractCatalogRequestFactory.swift in Sources */,
				19E07FCB28194E2F005C0CDC /* CartViewController.swift in Sources */,
				19E07FC728194E2F005C0CDC /* AppDelegate.swift in Sources */,
				19E08044281AD6DD005C0CDC /* User.swift in Sources */,
				19E0804D281B21C6005C0CDC /* LogoutResult.swift in Sources */,
				19E08049281ADEC4005C0CDC /* AuthRequestFactory.swift in Sources */,
				198CF9AA28396D720090931F /* Product.swift in Sources */,
				19E08047281ADD16005C0CDC /* AbstractAuthRequestFactory.swift in Sources */,
				19E07FC928194E2F005C0CDC /* SceneDelegate.swift in Sources */,
				19FA5197284F6D3A00228811 /* CartRequestFactory.swift in Sources */,
				19E0800428197C21005C0CDC /* DataRequest.swift in Sources */,
				196DD1202846B65900526EBF /* ReviewRequestFactory.swift in Sources */,
				19E0800028197B6B005C0CDC /* AbstractErrorParser.swift in Sources */,
				196DD1222846B8E300526EBF /* ReviewsResult.swift in Sources */,
				19E08055281B2CD9005C0CDC /* RequestRouter.swift in Sources */,
			);
			runOnlyForDeploymentPostprocessing = 0;
		};
		19E07FD528194E36005C0CDC /* Sources */ = {
			isa = PBXSourcesBuildPhase;
			buildActionMask = 2147483647;
			files = (
				198CF9AD283971280090931F /* NetworkCatalogTests.swift in Sources */,
				19E07FDE28194E36005C0CDC /* NetworkAuthTests.swift in Sources */,
			);
			runOnlyForDeploymentPostprocessing = 0;
		};
		19E07FDF28194E36005C0CDC /* Sources */ = {
			isa = PBXSourcesBuildPhase;
			buildActionMask = 2147483647;
			files = (
				19E07FE828194E36005C0CDC /* GeekBrainsShopUITests.swift in Sources */,
				19E07FEA28194E36005C0CDC /* GeekBrainsShopUITestsLaunchTests.swift in Sources */,
			);
			runOnlyForDeploymentPostprocessing = 0;
		};
/* End PBXSourcesBuildPhase section */

/* Begin PBXTargetDependency section */
		19E07FDB28194E36005C0CDC /* PBXTargetDependency */ = {
			isa = PBXTargetDependency;
			target = 19E07FC228194E2F005C0CDC /* GeekBrainsShop */;
			targetProxy = 19E07FDA28194E36005C0CDC /* PBXContainerItemProxy */;
		};
		19E07FE528194E36005C0CDC /* PBXTargetDependency */ = {
			isa = PBXTargetDependency;
			target = 19E07FC228194E2F005C0CDC /* GeekBrainsShop */;
			targetProxy = 19E07FE428194E36005C0CDC /* PBXContainerItemProxy */;
		};
/* End PBXTargetDependency section */

/* Begin PBXVariantGroup section */
		19E07FD128194E35005C0CDC /* LaunchScreen.storyboard */ = {
			isa = PBXVariantGroup;
			children = (
				19E07FD228194E35005C0CDC /* Base */,
			);
			name = LaunchScreen.storyboard;
			sourceTree = "<group>";
		};
/* End PBXVariantGroup section */

/* Begin XCBuildConfiguration section */
		19E07FEB28194E36005C0CDC /* Debug */ = {
			isa = XCBuildConfiguration;
			buildSettings = {
				ALWAYS_SEARCH_USER_PATHS = NO;
				CLANG_ANALYZER_NONNULL = YES;
				CLANG_ANALYZER_NUMBER_OBJECT_CONVERSION = YES_AGGRESSIVE;
				CLANG_CXX_LANGUAGE_STANDARD = "gnu++17";
				CLANG_ENABLE_MODULES = YES;
				CLANG_ENABLE_OBJC_ARC = YES;
				CLANG_ENABLE_OBJC_WEAK = YES;
				CLANG_WARN_BLOCK_CAPTURE_AUTORELEASING = YES;
				CLANG_WARN_BOOL_CONVERSION = YES;
				CLANG_WARN_COMMA = YES;
				CLANG_WARN_CONSTANT_CONVERSION = YES;
				CLANG_WARN_DEPRECATED_OBJC_IMPLEMENTATIONS = YES;
				CLANG_WARN_DIRECT_OBJC_ISA_USAGE = YES_ERROR;
				CLANG_WARN_DOCUMENTATION_COMMENTS = YES;
				CLANG_WARN_EMPTY_BODY = YES;
				CLANG_WARN_ENUM_CONVERSION = YES;
				CLANG_WARN_INFINITE_RECURSION = YES;
				CLANG_WARN_INT_CONVERSION = YES;
				CLANG_WARN_NON_LITERAL_NULL_CONVERSION = YES;
				CLANG_WARN_OBJC_IMPLICIT_RETAIN_SELF = YES;
				CLANG_WARN_OBJC_LITERAL_CONVERSION = YES;
				CLANG_WARN_OBJC_ROOT_CLASS = YES_ERROR;
				CLANG_WARN_QUOTED_INCLUDE_IN_FRAMEWORK_HEADER = YES;
				CLANG_WARN_RANGE_LOOP_ANALYSIS = YES;
				CLANG_WARN_STRICT_PROTOTYPES = YES;
				CLANG_WARN_SUSPICIOUS_MOVE = YES;
				CLANG_WARN_UNGUARDED_AVAILABILITY = YES_AGGRESSIVE;
				CLANG_WARN_UNREACHABLE_CODE = YES;
				CLANG_WARN__DUPLICATE_METHOD_MATCH = YES;
				COPY_PHASE_STRIP = NO;
				DEBUG_INFORMATION_FORMAT = dwarf;
				ENABLE_STRICT_OBJC_MSGSEND = YES;
				ENABLE_TESTABILITY = YES;
				GCC_C_LANGUAGE_STANDARD = gnu11;
				GCC_DYNAMIC_NO_PIC = NO;
				GCC_NO_COMMON_BLOCKS = YES;
				GCC_OPTIMIZATION_LEVEL = 0;
				GCC_PREPROCESSOR_DEFINITIONS = (
					"DEBUG=1",
					"$(inherited)",
				);
				GCC_WARN_64_TO_32_BIT_CONVERSION = YES;
				GCC_WARN_ABOUT_RETURN_TYPE = YES_ERROR;
				GCC_WARN_UNDECLARED_SELECTOR = YES;
				GCC_WARN_UNINITIALIZED_AUTOS = YES_AGGRESSIVE;
				GCC_WARN_UNUSED_FUNCTION = YES;
				GCC_WARN_UNUSED_VARIABLE = YES;
				IPHONEOS_DEPLOYMENT_TARGET = 15.0;
				MTL_ENABLE_DEBUG_INFO = INCLUDE_SOURCE;
				MTL_FAST_MATH = YES;
				ONLY_ACTIVE_ARCH = YES;
				SDKROOT = iphoneos;
				SWIFT_ACTIVE_COMPILATION_CONDITIONS = DEBUG;
				SWIFT_OPTIMIZATION_LEVEL = "-Onone";
			};
			name = Debug;
		};
		19E07FEC28194E36005C0CDC /* Release */ = {
			isa = XCBuildConfiguration;
			buildSettings = {
				ALWAYS_SEARCH_USER_PATHS = NO;
				CLANG_ANALYZER_NONNULL = YES;
				CLANG_ANALYZER_NUMBER_OBJECT_CONVERSION = YES_AGGRESSIVE;
				CLANG_CXX_LANGUAGE_STANDARD = "gnu++17";
				CLANG_ENABLE_MODULES = YES;
				CLANG_ENABLE_OBJC_ARC = YES;
				CLANG_ENABLE_OBJC_WEAK = YES;
				CLANG_WARN_BLOCK_CAPTURE_AUTORELEASING = YES;
				CLANG_WARN_BOOL_CONVERSION = YES;
				CLANG_WARN_COMMA = YES;
				CLANG_WARN_CONSTANT_CONVERSION = YES;
				CLANG_WARN_DEPRECATED_OBJC_IMPLEMENTATIONS = YES;
				CLANG_WARN_DIRECT_OBJC_ISA_USAGE = YES_ERROR;
				CLANG_WARN_DOCUMENTATION_COMMENTS = YES;
				CLANG_WARN_EMPTY_BODY = YES;
				CLANG_WARN_ENUM_CONVERSION = YES;
				CLANG_WARN_INFINITE_RECURSION = YES;
				CLANG_WARN_INT_CONVERSION = YES;
				CLANG_WARN_NON_LITERAL_NULL_CONVERSION = YES;
				CLANG_WARN_OBJC_IMPLICIT_RETAIN_SELF = YES;
				CLANG_WARN_OBJC_LITERAL_CONVERSION = YES;
				CLANG_WARN_OBJC_ROOT_CLASS = YES_ERROR;
				CLANG_WARN_QUOTED_INCLUDE_IN_FRAMEWORK_HEADER = YES;
				CLANG_WARN_RANGE_LOOP_ANALYSIS = YES;
				CLANG_WARN_STRICT_PROTOTYPES = YES;
				CLANG_WARN_SUSPICIOUS_MOVE = YES;
				CLANG_WARN_UNGUARDED_AVAILABILITY = YES_AGGRESSIVE;
				CLANG_WARN_UNREACHABLE_CODE = YES;
				CLANG_WARN__DUPLICATE_METHOD_MATCH = YES;
				COPY_PHASE_STRIP = NO;
				DEBUG_INFORMATION_FORMAT = "dwarf-with-dsym";
				ENABLE_NS_ASSERTIONS = NO;
				ENABLE_STRICT_OBJC_MSGSEND = YES;
				GCC_C_LANGUAGE_STANDARD = gnu11;
				GCC_NO_COMMON_BLOCKS = YES;
				GCC_WARN_64_TO_32_BIT_CONVERSION = YES;
				GCC_WARN_ABOUT_RETURN_TYPE = YES_ERROR;
				GCC_WARN_UNDECLARED_SELECTOR = YES;
				GCC_WARN_UNINITIALIZED_AUTOS = YES_AGGRESSIVE;
				GCC_WARN_UNUSED_FUNCTION = YES;
				GCC_WARN_UNUSED_VARIABLE = YES;
				IPHONEOS_DEPLOYMENT_TARGET = 15.0;
				MTL_ENABLE_DEBUG_INFO = NO;
				MTL_FAST_MATH = YES;
				SDKROOT = iphoneos;
				SWIFT_COMPILATION_MODE = wholemodule;
				SWIFT_OPTIMIZATION_LEVEL = "-O";
				VALIDATE_PRODUCT = YES;
			};
			name = Release;
		};
		19E07FEE28194E36005C0CDC /* Debug */ = {
			isa = XCBuildConfiguration;
			baseConfigurationReference = 43B78B994790A9EDD573E54E /* Pods-GeekBrainsShop.debug.xcconfig */;
			buildSettings = {
				ASSETCATALOG_COMPILER_APPICON_NAME = AppIcon;
				ASSETCATALOG_COMPILER_GLOBAL_ACCENT_COLOR_NAME = AccentColor;
				CODE_SIGN_STYLE = Automatic;
				CURRENT_PROJECT_VERSION = 1;
				DEVELOPMENT_TEAM = R48C6P8ZZH;
				GENERATE_INFOPLIST_FILE = YES;
				INFOPLIST_FILE = GeekBrainsShop/Environments/Info.plist;
				INFOPLIST_KEY_UIApplicationSupportsIndirectInputEvents = YES;
				INFOPLIST_KEY_UILaunchStoryboardName = LaunchScreen;
				INFOPLIST_KEY_UISupportedInterfaceOrientations_iPad = "UIInterfaceOrientationPortrait UIInterfaceOrientationPortraitUpsideDown UIInterfaceOrientationLandscapeLeft UIInterfaceOrientationLandscapeRight";
				INFOPLIST_KEY_UISupportedInterfaceOrientations_iPhone = "UIInterfaceOrientationPortrait UIInterfaceOrientationLandscapeLeft UIInterfaceOrientationLandscapeRight";
				IPHONEOS_DEPLOYMENT_TARGET = 15.0;
				LD_RUNPATH_SEARCH_PATHS = (
					"$(inherited)",
					"@executable_path/Frameworks",
				);
				MARKETING_VERSION = 1.0;
				PRODUCT_BUNDLE_IDENTIFIER = com.gavrilko.GeekBrainsShop;
				PRODUCT_NAME = "$(TARGET_NAME)";
				SWIFT_EMIT_LOC_STRINGS = YES;
				SWIFT_VERSION = 5.0;
				TARGETED_DEVICE_FAMILY = "1,2";
			};
			name = Debug;
		};
		19E07FEF28194E36005C0CDC /* Release */ = {
			isa = XCBuildConfiguration;
			baseConfigurationReference = 7C19F0C5D551A0F08A55E906 /* Pods-GeekBrainsShop.release.xcconfig */;
			buildSettings = {
				ASSETCATALOG_COMPILER_APPICON_NAME = AppIcon;
				ASSETCATALOG_COMPILER_GLOBAL_ACCENT_COLOR_NAME = AccentColor;
				CODE_SIGN_STYLE = Automatic;
				CURRENT_PROJECT_VERSION = 1;
				DEVELOPMENT_TEAM = R48C6P8ZZH;
				GENERATE_INFOPLIST_FILE = YES;
				INFOPLIST_FILE = GeekBrainsShop/Environments/Info.plist;
				INFOPLIST_KEY_UIApplicationSupportsIndirectInputEvents = YES;
				INFOPLIST_KEY_UILaunchStoryboardName = LaunchScreen;
				INFOPLIST_KEY_UISupportedInterfaceOrientations_iPad = "UIInterfaceOrientationPortrait UIInterfaceOrientationPortraitUpsideDown UIInterfaceOrientationLandscapeLeft UIInterfaceOrientationLandscapeRight";
				INFOPLIST_KEY_UISupportedInterfaceOrientations_iPhone = "UIInterfaceOrientationPortrait UIInterfaceOrientationLandscapeLeft UIInterfaceOrientationLandscapeRight";
				IPHONEOS_DEPLOYMENT_TARGET = 15.0;
				LD_RUNPATH_SEARCH_PATHS = (
					"$(inherited)",
					"@executable_path/Frameworks",
				);
				MARKETING_VERSION = 1.0;
				PRODUCT_BUNDLE_IDENTIFIER = com.gavrilko.GeekBrainsShop;
				PRODUCT_NAME = "$(TARGET_NAME)";
				SWIFT_EMIT_LOC_STRINGS = YES;
				SWIFT_VERSION = 5.0;
				TARGETED_DEVICE_FAMILY = "1,2";
			};
			name = Release;
		};
		19E07FF128194E36005C0CDC /* Debug */ = {
			isa = XCBuildConfiguration;
			baseConfigurationReference = 4D2F25EAF5F66AB23371FF72 /* Pods-GeekBrainsShopTests.debug.xcconfig */;
			buildSettings = {
				ALWAYS_EMBED_SWIFT_STANDARD_LIBRARIES = YES;
				BUNDLE_LOADER = "$(TEST_HOST)";
				CODE_SIGN_STYLE = Automatic;
				CURRENT_PROJECT_VERSION = 1;
				DEVELOPMENT_TEAM = R48C6P8ZZH;
				GENERATE_INFOPLIST_FILE = YES;
				IPHONEOS_DEPLOYMENT_TARGET = 15.0;
				MARKETING_VERSION = 1.0;
				PRODUCT_BUNDLE_IDENTIFIER = com.gavrilko.GeekBrainsShopTests;
				PRODUCT_NAME = "$(TARGET_NAME)";
				SWIFT_EMIT_LOC_STRINGS = NO;
				SWIFT_VERSION = 5.0;
				TARGETED_DEVICE_FAMILY = "1,2";
				TEST_HOST = "$(BUILT_PRODUCTS_DIR)/GeekBrainsShop.app/GeekBrainsShop";
			};
			name = Debug;
		};
		19E07FF228194E36005C0CDC /* Release */ = {
			isa = XCBuildConfiguration;
			baseConfigurationReference = BBD453110566F942B99FB3ED /* Pods-GeekBrainsShopTests.release.xcconfig */;
			buildSettings = {
				ALWAYS_EMBED_SWIFT_STANDARD_LIBRARIES = YES;
				BUNDLE_LOADER = "$(TEST_HOST)";
				CODE_SIGN_STYLE = Automatic;
				CURRENT_PROJECT_VERSION = 1;
				DEVELOPMENT_TEAM = R48C6P8ZZH;
				GENERATE_INFOPLIST_FILE = YES;
				IPHONEOS_DEPLOYMENT_TARGET = 15.0;
				MARKETING_VERSION = 1.0;
				PRODUCT_BUNDLE_IDENTIFIER = com.gavrilko.GeekBrainsShopTests;
				PRODUCT_NAME = "$(TARGET_NAME)";
				SWIFT_EMIT_LOC_STRINGS = NO;
				SWIFT_VERSION = 5.0;
				TARGETED_DEVICE_FAMILY = "1,2";
				TEST_HOST = "$(BUILT_PRODUCTS_DIR)/GeekBrainsShop.app/GeekBrainsShop";
			};
			name = Release;
		};
		19E07FF428194E36005C0CDC /* Debug */ = {
			isa = XCBuildConfiguration;
			baseConfigurationReference = 52381624A848D2A89CFD5BA4 /* Pods-GeekBrainsShop-GeekBrainsShopUITests.debug.xcconfig */;
			buildSettings = {
				ALWAYS_EMBED_SWIFT_STANDARD_LIBRARIES = YES;
				CODE_SIGN_STYLE = Automatic;
				CURRENT_PROJECT_VERSION = 1;
				DEVELOPMENT_TEAM = R48C6P8ZZH;
				GENERATE_INFOPLIST_FILE = YES;
				MARKETING_VERSION = 1.0;
				PRODUCT_BUNDLE_IDENTIFIER = com.gavrilko.GeekBrainsShopUITests;
				PRODUCT_NAME = "$(TARGET_NAME)";
				SWIFT_EMIT_LOC_STRINGS = NO;
				SWIFT_VERSION = 5.0;
				TARGETED_DEVICE_FAMILY = "1,2";
				TEST_TARGET_NAME = GeekBrainsShop;
			};
			name = Debug;
		};
		19E07FF528194E36005C0CDC /* Release */ = {
			isa = XCBuildConfiguration;
			baseConfigurationReference = 7982F7B8A7895E6CA9B52E4C /* Pods-GeekBrainsShop-GeekBrainsShopUITests.release.xcconfig */;
			buildSettings = {
				ALWAYS_EMBED_SWIFT_STANDARD_LIBRARIES = YES;
				CODE_SIGN_STYLE = Automatic;
				CURRENT_PROJECT_VERSION = 1;
				DEVELOPMENT_TEAM = R48C6P8ZZH;
				GENERATE_INFOPLIST_FILE = YES;
				MARKETING_VERSION = 1.0;
				PRODUCT_BUNDLE_IDENTIFIER = com.gavrilko.GeekBrainsShopUITests;
				PRODUCT_NAME = "$(TARGET_NAME)";
				SWIFT_EMIT_LOC_STRINGS = NO;
				SWIFT_VERSION = 5.0;
				TARGETED_DEVICE_FAMILY = "1,2";
				TEST_TARGET_NAME = GeekBrainsShop;
			};
			name = Release;
		};
/* End XCBuildConfiguration section */

/* Begin XCConfigurationList section */
		19E07FBE28194E2F005C0CDC /* Build configuration list for PBXProject "GeekBrainsShop" */ = {
			isa = XCConfigurationList;
			buildConfigurations = (
				19E07FEB28194E36005C0CDC /* Debug */,
				19E07FEC28194E36005C0CDC /* Release */,
			);
			defaultConfigurationIsVisible = 0;
			defaultConfigurationName = Release;
		};
		19E07FED28194E36005C0CDC /* Build configuration list for PBXNativeTarget "GeekBrainsShop" */ = {
			isa = XCConfigurationList;
			buildConfigurations = (
				19E07FEE28194E36005C0CDC /* Debug */,
				19E07FEF28194E36005C0CDC /* Release */,
			);
			defaultConfigurationIsVisible = 0;
			defaultConfigurationName = Release;
		};
		19E07FF028194E36005C0CDC /* Build configuration list for PBXNativeTarget "GeekBrainsShopTests" */ = {
			isa = XCConfigurationList;
			buildConfigurations = (
				19E07FF128194E36005C0CDC /* Debug */,
				19E07FF228194E36005C0CDC /* Release */,
			);
			defaultConfigurationIsVisible = 0;
			defaultConfigurationName = Release;
		};
		19E07FF328194E36005C0CDC /* Build configuration list for PBXNativeTarget "GeekBrainsShopUITests" */ = {
			isa = XCConfigurationList;
			buildConfigurations = (
				19E07FF428194E36005C0CDC /* Debug */,
				19E07FF528194E36005C0CDC /* Release */,
			);
			defaultConfigurationIsVisible = 0;
			defaultConfigurationName = Release;
		};
/* End XCConfigurationList section */
	};
	rootObject = 19E07FBB28194E2F005C0CDC /* Project object */;
}
